
Microsoft Visual Studio Solution File, Format Version 12.00
# Visual Studio Version 17
VisualStudioVersion = 17.0.31903.59
MinimumVisualStudioVersion = 10.0.40219.1
Project("{2150E333-8FDC-42A3-9474-1A3956D46DE8}") = "src", "src", "{827E0CD3-B72D-47B6-A68D-7590B98EB39B}"
EndProject
Project("{FAE04EC0-301F-11D3-BF4B-00C04F79EFBC}") = "ServiceNow", "src\ServiceNow\ServiceNow.csproj", "{780A5AC6-513F-49C8-A60D-FA38C51CC8ED}"
EndProject
Project("{2150E333-8FDC-42A3-9474-1A3956D46DE8}") = "tests", "tests", "{0AB3BF05-4346-4AA6-1389-037BE0695223}"
EndProject
Project("{FAE04EC0-301F-11D3-BF4B-00C04F79EFBC}") = "ServiceNow.Tests", "tests\ServiceNow.Tests\ServiceNow.Tests.csproj", "{F2E5908D-3518-493F-8482-A96AA799DA62}"
EndProject
Project("{FAE04EC0-301F-11D3-BF4B-00C04F79EFBC}") = "ServiceNow.PowerShell", "src\ServiceNow.PowerShell\ServiceNow.PowerShell.csproj", "{61A3D883-A2A4-41AE-879A-E393AABC2BD0}"
EndProject
Project("{FAE04EC0-301F-11D3-BF4B-00C04F79EFBC}") = "ServiceNow.CLI", "src\ServiceNow.CLI\ServiceNow.CLI.csproj", "{7ABF80C6-153B-4AD8-AC02-38FBE0F7BA3A}"
EndProject
Project("{2150E333-8FDC-42A3-9474-1A3956D46DE8}") = "examples", "examples", "{B36A84DF-456D-A817-6EDD-3EC3E7F6E11F}"
EndProject
Project("{FAE04EC0-301F-11D3-BF4B-00C04F79EFBC}") = "ServiceNow.Examples", "examples\ServiceNow.Examples\ServiceNow.Examples.csproj", "{894D879A-0583-4A47-9A83-DA80D6E8D325}"
EndProject
Global
	GlobalSection(SolutionConfigurationPlatforms) = preSolution
		Debug|Any CPU = Debug|Any CPU
		Debug|x64 = Debug|x64
		Debug|x86 = Debug|x86
		Release|Any CPU = Release|Any CPU
		Release|x64 = Release|x64
		Release|x86 = Release|x86
	EndGlobalSection
	GlobalSection(ProjectConfigurationPlatforms) = postSolution
		{780A5AC6-513F-49C8-A60D-FA38C51CC8ED}.Debug|Any CPU.ActiveCfg = Debug|Any CPU
		{780A5AC6-513F-49C8-A60D-FA38C51CC8ED}.Debug|Any CPU.Build.0 = Debug|Any CPU
		{780A5AC6-513F-49C8-A60D-FA38C51CC8ED}.Debug|x64.ActiveCfg = Debug|Any CPU
		{780A5AC6-513F-49C8-A60D-FA38C51CC8ED}.Debug|x64.Build.0 = Debug|Any CPU
		{780A5AC6-513F-49C8-A60D-FA38C51CC8ED}.Debug|x86.ActiveCfg = Debug|Any CPU
		{780A5AC6-513F-49C8-A60D-FA38C51CC8ED}.Debug|x86.Build.0 = Debug|Any CPU
		{780A5AC6-513F-49C8-A60D-FA38C51CC8ED}.Release|Any CPU.ActiveCfg = Release|Any CPU
		{780A5AC6-513F-49C8-A60D-FA38C51CC8ED}.Release|Any CPU.Build.0 = Release|Any CPU
		{780A5AC6-513F-49C8-A60D-FA38C51CC8ED}.Release|x64.ActiveCfg = Release|Any CPU
		{780A5AC6-513F-49C8-A60D-FA38C51CC8ED}.Release|x64.Build.0 = Release|Any CPU
		{780A5AC6-513F-49C8-A60D-FA38C51CC8ED}.Release|x86.ActiveCfg = Release|Any CPU
		{780A5AC6-513F-49C8-A60D-FA38C51CC8ED}.Release|x86.Build.0 = Release|Any CPU
		{F2E5908D-3518-493F-8482-A96AA799DA62}.Debug|Any CPU.ActiveCfg = Debug|Any CPU
		{F2E5908D-3518-493F-8482-A96AA799DA62}.Debug|Any CPU.Build.0 = Debug|Any CPU
		{F2E5908D-3518-493F-8482-A96AA799DA62}.Debug|x64.ActiveCfg = Debug|Any CPU
		{F2E5908D-3518-493F-8482-A96AA799DA62}.Debug|x64.Build.0 = Debug|Any CPU
		{F2E5908D-3518-493F-8482-A96AA799DA62}.Debug|x86.ActiveCfg = Debug|Any CPU
		{F2E5908D-3518-493F-8482-A96AA799DA62}.Debug|x86.Build.0 = Debug|Any CPU
		{F2E5908D-3518-493F-8482-A96AA799DA62}.Release|Any CPU.ActiveCfg = Release|Any CPU
		{F2E5908D-3518-493F-8482-A96AA799DA62}.Release|Any CPU.Build.0 = Release|Any CPU
		{F2E5908D-3518-493F-8482-A96AA799DA62}.Release|x64.ActiveCfg = Release|Any CPU
		{F2E5908D-3518-493F-8482-A96AA799DA62}.Release|x64.Build.0 = Release|Any CPU
		{F2E5908D-3518-493F-8482-A96AA799DA62}.Release|x86.ActiveCfg = Release|Any CPU
		{F2E5908D-3518-493F-8482-A96AA799DA62}.Release|x86.Build.0 = Release|Any CPU
		{61A3D883-A2A4-41AE-879A-E393AABC2BD0}.Debug|Any CPU.ActiveCfg = Debug|Any CPU
		{61A3D883-A2A4-41AE-879A-E393AABC2BD0}.Debug|Any CPU.Build.0 = Debug|Any CPU
		{61A3D883-A2A4-41AE-879A-E393AABC2BD0}.Debug|x64.ActiveCfg = Debug|Any CPU
		{61A3D883-A2A4-41AE-879A-E393AABC2BD0}.Debug|x64.Build.0 = Debug|Any CPU
		{61A3D883-A2A4-41AE-879A-E393AABC2BD0}.Debug|x86.ActiveCfg = Debug|Any CPU
		{61A3D883-A2A4-41AE-879A-E393AABC2BD0}.Debug|x86.Build.0 = Debug|Any CPU
		{61A3D883-A2A4-41AE-879A-E393AABC2BD0}.Release|Any CPU.ActiveCfg = Release|Any CPU
		{61A3D883-A2A4-41AE-879A-E393AABC2BD0}.Release|Any CPU.Build.0 = Release|Any CPU
		{61A3D883-A2A4-41AE-879A-E393AABC2BD0}.Release|x64.ActiveCfg = Release|Any CPU
		{61A3D883-A2A4-41AE-879A-E393AABC2BD0}.Release|x64.Build.0 = Release|Any CPU
		{61A3D883-A2A4-41AE-879A-E393AABC2BD0}.Release|x86.ActiveCfg = Release|Any CPU
		{61A3D883-A2A4-41AE-879A-E393AABC2BD0}.Release|x86.Build.0 = Release|Any CPU
		{7ABF80C6-153B-4AD8-AC02-38FBE0F7BA3A}.Debug|Any CPU.ActiveCfg = Debug|Any CPU
		{7ABF80C6-153B-4AD8-AC02-38FBE0F7BA3A}.Debug|Any CPU.Build.0 = Debug|Any CPU
		{7ABF80C6-153B-4AD8-AC02-38FBE0F7BA3A}.Debug|x64.ActiveCfg = Debug|Any CPU
		{7ABF80C6-153B-4AD8-AC02-38FBE0F7BA3A}.Debug|x64.Build.0 = Debug|Any CPU
		{7ABF80C6-153B-4AD8-AC02-38FBE0F7BA3A}.Debug|x86.ActiveCfg = Debug|Any CPU
		{7ABF80C6-153B-4AD8-AC02-38FBE0F7BA3A}.Debug|x86.Build.0 = Debug|Any CPU
		{7ABF80C6-153B-4AD8-AC02-38FBE0F7BA3A}.Release|Any CPU.ActiveCfg = Release|Any CPU
		{7ABF80C6-153B-4AD8-AC02-38FBE0F7BA3A}.Release|Any CPU.Build.0 = Release|Any CPU
		{7ABF80C6-153B-4AD8-AC02-38FBE0F7BA3A}.Release|x64.ActiveCfg = Release|Any CPU
		{7ABF80C6-153B-4AD8-AC02-38FBE0F7BA3A}.Release|x64.Build.0 = Release|Any CPU
		{7ABF80C6-153B-4AD8-AC02-38FBE0F7BA3A}.Release|x86.ActiveCfg = Release|Any CPU
		{7ABF80C6-153B-4AD8-AC02-38FBE0F7BA3A}.Release|x86.Build.0 = Release|Any CPU
		{894D879A-0583-4A47-9A83-DA80D6E8D325}.Debug|Any CPU.ActiveCfg = Debug|Any CPU
		{894D879A-0583-4A47-9A83-DA80D6E8D325}.Debug|Any CPU.Build.0 = Debug|Any CPU
		{894D879A-0583-4A47-9A83-DA80D6E8D325}.Debug|x64.ActiveCfg = Debug|Any CPU
		{894D879A-0583-4A47-9A83-DA80D6E8D325}.Debug|x64.Build.0 = Debug|Any CPU
		{894D879A-0583-4A47-9A83-DA80D6E8D325}.Debug|x86.ActiveCfg = Debug|Any CPU
		{894D879A-0583-4A47-9A83-DA80D6E8D325}.Debug|x86.Build.0 = Debug|Any CPU
		{894D879A-0583-4A47-9A83-DA80D6E8D325}.Release|Any CPU.ActiveCfg = Release|Any CPU
		{894D879A-0583-4A47-9A83-DA80D6E8D325}.Release|Any CPU.Build.0 = Release|Any CPU
		{894D879A-0583-4A47-9A83-DA80D6E8D325}.Release|x64.ActiveCfg = Release|Any CPU
		{894D879A-0583-4A47-9A83-DA80D6E8D325}.Release|x64.Build.0 = Release|Any CPU
		{894D879A-0583-4A47-9A83-DA80D6E8D325}.Release|x86.ActiveCfg = Release|Any CPU
		{894D879A-0583-4A47-9A83-DA80D6E8D325}.Release|x86.Build.0 = Release|Any CPU
	EndGlobalSection
	GlobalSection(SolutionProperties) = preSolution
		HideSolutionNode = FALSE
	EndGlobalSection
	GlobalSection(NestedProjects) = preSolution
		{780A5AC6-513F-49C8-A60D-FA38C51CC8ED} = {827E0CD3-B72D-47B6-A68D-7590B98EB39B}
		{F2E5908D-3518-493F-8482-A96AA799DA62} = {0AB3BF05-4346-4AA6-1389-037BE0695223}
		{61A3D883-A2A4-41AE-879A-E393AABC2BD0} = {827E0CD3-B72D-47B6-A68D-7590B98EB39B}
		{7ABF80C6-153B-4AD8-AC02-38FBE0F7BA3A} = {827E0CD3-B72D-47B6-A68D-7590B98EB39B}
		{894D879A-0583-4A47-9A83-DA80D6E8D325} = {B36A84DF-456D-A817-6EDD-3EC3E7F6E11F}
	EndGlobalSection
EndGlobal
